
Microsoft Visual Studio Solution File, Format Version 12.00
# Visual Studio Version 16
VisualStudioVersion = 16.0.30011.22
MinimumVisualStudioVersion = 10.0.40219.1
Project("{9A19103F-16F7-4668-BE54-9A1E7A4F7556}") = "SendMessageExample", "examples\SendMessageExample\SendMessageExample.csproj", "{3A6289C9-6CE3-4110-AC5D-AA6D222884F0}"
EndProject
Project("{2150E333-8FDC-42A3-9474-1A3956D46DE8}") = "src", "src", "{651B0177-6B4E-472B-8E91-7A6278E40D22}"
EndProject
Project("{9A19103F-16F7-4668-BE54-9A1E7A4F7556}") = "AzureServiceBus.Client.Bus", "src\AzureServiceBus.Client.Bus\AzureServiceBus.Client.Bus.csproj", "{B876A08D-6863-47AE-95C1-4457AEBD6AF5}"
EndProject
Project("{9A19103F-16F7-4668-BE54-9A1E7A4F7556}") = "WorkerServiceExample", "examples\WorkerServiceExample\WorkerServiceExample.csproj", "{EE07E6A6-23FA-4965-AA64-28E800C42D6B}"
EndProject
Project("{2150E333-8FDC-42A3-9474-1A3956D46DE8}") = "examples", "examples", "{08D8DD2D-B79E-4438-9FB8-26536ABAC852}"
EndProject
Global
	GlobalSection(SolutionConfigurationPlatforms) = preSolution
		Debug|Any CPU = Debug|Any CPU
		Release|Any CPU = Release|Any CPU
	EndGlobalSection
	GlobalSection(ProjectConfigurationPlatforms) = postSolution
		{3A6289C9-6CE3-4110-AC5D-AA6D222884F0}.Debug|Any CPU.ActiveCfg = Debug|Any CPU
		{3A6289C9-6CE3-4110-AC5D-AA6D222884F0}.Debug|Any CPU.Build.0 = Debug|Any CPU
		{3A6289C9-6CE3-4110-AC5D-AA6D222884F0}.Release|Any CPU.ActiveCfg = Release|Any CPU
		{3A6289C9-6CE3-4110-AC5D-AA6D222884F0}.Release|Any CPU.Build.0 = Release|Any CPU
		{B876A08D-6863-47AE-95C1-4457AEBD6AF5}.Debug|Any CPU.ActiveCfg = Debug|Any CPU
		{B876A08D-6863-47AE-95C1-4457AEBD6AF5}.Debug|Any CPU.Build.0 = Debug|Any CPU
		{B876A08D-6863-47AE-95C1-4457AEBD6AF5}.Release|Any CPU.ActiveCfg = Release|Any CPU
		{B876A08D-6863-47AE-95C1-4457AEBD6AF5}.Release|Any CPU.Build.0 = Release|Any CPU
		{EE07E6A6-23FA-4965-AA64-28E800C42D6B}.Debug|Any CPU.ActiveCfg = Debug|Any CPU
		{EE07E6A6-23FA-4965-AA64-28E800C42D6B}.Debug|Any CPU.Build.0 = Debug|Any CPU
		{EE07E6A6-23FA-4965-AA64-28E800C42D6B}.Release|Any CPU.ActiveCfg = Release|Any CPU
		{EE07E6A6-23FA-4965-AA64-28E800C42D6B}.Release|Any CPU.Build.0 = Release|Any CPU
	EndGlobalSection
	GlobalSection(SolutionProperties) = preSolution
		HideSolutionNode = FALSE
	EndGlobalSection
	GlobalSection(NestedProjects) = preSolution
		{3A6289C9-6CE3-4110-AC5D-AA6D222884F0} = {08D8DD2D-B79E-4438-9FB8-26536ABAC852}
		{B876A08D-6863-47AE-95C1-4457AEBD6AF5} = {651B0177-6B4E-472B-8E91-7A6278E40D22}
		{EE07E6A6-23FA-4965-AA64-28E800C42D6B} = {08D8DD2D-B79E-4438-9FB8-26536ABAC852}
	EndGlobalSection
	GlobalSection(ExtensibilityGlobals) = postSolution
		SolutionGuid = {F2E83524-A293-492E-AACA-FBC5630A5BA5}
	EndGlobalSection
EndGlobal
